// !$*UTF8*$!
{
	archiveVersion = 1;
	classes = {
	};
	objectVersion = 50;
	objects = {

/* Begin PBXBuildFile section */
		4AB67F9E87677DD01264D82D /* Pods_HackerNewsUITests.framework in Frameworks */ = {isa = PBXBuildFile; fileRef = 389064E1FFAFD084047B9C3D /* Pods_HackerNewsUITests.framework */; };
		61E1433EE71DF4A19A1EF823 /* Pods_HackerNewsTests.framework in Frameworks */ = {isa = PBXBuildFile; fileRef = 0D15B1A30FA0E3EC2460F2CC /* Pods_HackerNewsTests.framework */; };
		93FC8662F4479816B740CB2C /* Pods_HackerNews.framework in Frameworks */ = {isa = PBXBuildFile; fileRef = FC82E8AB4E0A76C8A8515F8E /* Pods_HackerNews.framework */; };
		99069BCD2154DA8600DE49C2 /* AppDelegate.swift in Sources */ = {isa = PBXBuildFile; fileRef = 99069BCC2154DA8600DE49C2 /* AppDelegate.swift */; };
		99069BCF2154DA8600DE49C2 /* HackerNewsViewController.swift in Sources */ = {isa = PBXBuildFile; fileRef = 99069BCE2154DA8600DE49C2 /* HackerNewsViewController.swift */; };
		99069BD22154DA8600DE49C2 /* Main.storyboard in Resources */ = {isa = PBXBuildFile; fileRef = 99069BD02154DA8600DE49C2 /* Main.storyboard */; };
		99069BD42154DA8900DE49C2 /* Assets.xcassets in Resources */ = {isa = PBXBuildFile; fileRef = 99069BD32154DA8900DE49C2 /* Assets.xcassets */; };
		99069BD72154DA8900DE49C2 /* LaunchScreen.storyboard in Resources */ = {isa = PBXBuildFile; fileRef = 99069BD52154DA8900DE49C2 /* LaunchScreen.storyboard */; };
		99069BE22154DA8900DE49C2 /* HackerNewsTests.swift in Sources */ = {isa = PBXBuildFile; fileRef = 99069BE12154DA8900DE49C2 /* HackerNewsTests.swift */; };
		99069BED2154DA8900DE49C2 /* HackerNewsUITests.swift in Sources */ = {isa = PBXBuildFile; fileRef = 99069BEC2154DA8900DE49C2 /* HackerNewsUITests.swift */; };
		99069BFF2155115100DE49C2 /* GoogleService-Info.plist in Resources */ = {isa = PBXBuildFile; fileRef = 99069BFE2155115100DE49C2 /* GoogleService-Info.plist */; };
		99069C0121562F3800DE49C2 /* DetailHackerNewsViewController.swift in Sources */ = {isa = PBXBuildFile; fileRef = 99069C0021562F3800DE49C2 /* DetailHackerNewsViewController.swift */; };
		99069C0321562FAB00DE49C2 /* HackerNewsCell.swift in Sources */ = {isa = PBXBuildFile; fileRef = 99069C0221562FAB00DE49C2 /* HackerNewsCell.swift */; };
		99069C07215685F200DE49C2 /* APIService.swift in Sources */ = {isa = PBXBuildFile; fileRef = 99069C06215685F200DE49C2 /* APIService.swift */; };
		99069C0B2156862700DE49C2 /* News.swift in Sources */ = {isa = PBXBuildFile; fileRef = 99069C082156862600DE49C2 /* News.swift */; };
		99069C0D2156862700DE49C2 /* Comment.swift in Sources */ = {isa = PBXBuildFile; fileRef = 99069C0A2156862700DE49C2 /* Comment.swift */; };
		99069C0F215689A300DE49C2 /* DateFormatterExtension.swift in Sources */ = {isa = PBXBuildFile; fileRef = 99069C0E215689A300DE49C2 /* DateFormatterExtension.swift */; };
		99DD177621577E0A004A596D /* DetailNewsHeaderView.swift in Sources */ = {isa = PBXBuildFile; fileRef = 99DD177521577E0A004A596D /* DetailNewsHeaderView.swift */; };
		99DD177921579A94004A596D /* HotNewsCommentCell.swift in Sources */ = {isa = PBXBuildFile; fileRef = 99DD177821579A94004A596D /* HotNewsCommentCell.swift */; };
		99DD177B2157F4CE004A596D /* RealmService.swift in Sources */ = {isa = PBXBuildFile; fileRef = 99DD177A2157F4CD004A596D /* RealmService.swift */; };
		99DD177D21580025004A596D /* NewsObject.swift in Sources */ = {isa = PBXBuildFile; fileRef = 99DD177C21580025004A596D /* NewsObject.swift */; };
		99DD177F21582BBD004A596D /* LoginViewController.swift in Sources */ = {isa = PBXBuildFile; fileRef = 99DD177E21582BBD004A596D /* LoginViewController.swift */; };
/* End PBXBuildFile section */

/* Begin PBXContainerItemProxy section */
		99069BDE2154DA8900DE49C2 /* PBXContainerItemProxy */ = {
			isa = PBXContainerItemProxy;
			containerPortal = 99069BC12154DA8600DE49C2 /* Project object */;
			proxyType = 1;
			remoteGlobalIDString = 99069BC82154DA8600DE49C2;
			remoteInfo = HackerNews;
		};
		99069BE92154DA8900DE49C2 /* PBXContainerItemProxy */ = {
			isa = PBXContainerItemProxy;
			containerPortal = 99069BC12154DA8600DE49C2 /* Project object */;
			proxyType = 1;
			remoteGlobalIDString = 99069BC82154DA8600DE49C2;
			remoteInfo = HackerNews;
		};
/* End PBXContainerItemProxy section */

/* Begin PBXFileReference section */
		04CF4750B24774DA7DA1FCC1 /* Pods-HackerNews.debug.xcconfig */ = {isa = PBXFileReference; includeInIndex = 1; lastKnownFileType = text.xcconfig; name = "Pods-HackerNews.debug.xcconfig"; path = "Pods/Target Support Files/Pods-HackerNews/Pods-HackerNews.debug.xcconfig"; sourceTree = "<group>"; };
		0D15B1A30FA0E3EC2460F2CC /* Pods_HackerNewsTests.framework */ = {isa = PBXFileReference; explicitFileType = wrapper.framework; includeInIndex = 0; path = Pods_HackerNewsTests.framework; sourceTree = BUILT_PRODUCTS_DIR; };
		1AF8F5D396B74BC73E8AE842 /* Pods-HackerNewsTests.debug.xcconfig */ = {isa = PBXFileReference; includeInIndex = 1; lastKnownFileType = text.xcconfig; name = "Pods-HackerNewsTests.debug.xcconfig"; path = "Pods/Target Support Files/Pods-HackerNewsTests/Pods-HackerNewsTests.debug.xcconfig"; sourceTree = "<group>"; };
		228A2C847ABC20AE134A0EE6 /* Pods-HackerNewsTests.release.xcconfig */ = {isa = PBXFileReference; includeInIndex = 1; lastKnownFileType = text.xcconfig; name = "Pods-HackerNewsTests.release.xcconfig"; path = "Pods/Target Support Files/Pods-HackerNewsTests/Pods-HackerNewsTests.release.xcconfig"; sourceTree = "<group>"; };
		389064E1FFAFD084047B9C3D /* Pods_HackerNewsUITests.framework */ = {isa = PBXFileReference; explicitFileType = wrapper.framework; includeInIndex = 0; path = Pods_HackerNewsUITests.framework; sourceTree = BUILT_PRODUCTS_DIR; };
		99069BC92154DA8600DE49C2 /* HackerNews.app */ = {isa = PBXFileReference; explicitFileType = wrapper.application; includeInIndex = 0; path = HackerNews.app; sourceTree = BUILT_PRODUCTS_DIR; };
		99069BCC2154DA8600DE49C2 /* AppDelegate.swift */ = {isa = PBXFileReference; lastKnownFileType = sourcecode.swift; path = AppDelegate.swift; sourceTree = "<group>"; };
		99069BCE2154DA8600DE49C2 /* HackerNewsViewController.swift */ = {isa = PBXFileReference; lastKnownFileType = sourcecode.swift; path = HackerNewsViewController.swift; sourceTree = "<group>"; };
		99069BD12154DA8600DE49C2 /* Base */ = {isa = PBXFileReference; lastKnownFileType = file.storyboard; name = Base; path = Base.lproj/Main.storyboard; sourceTree = "<group>"; };
		99069BD32154DA8900DE49C2 /* Assets.xcassets */ = {isa = PBXFileReference; lastKnownFileType = folder.assetcatalog; path = Assets.xcassets; sourceTree = "<group>"; };
		99069BD62154DA8900DE49C2 /* Base */ = {isa = PBXFileReference; lastKnownFileType = file.storyboard; name = Base; path = Base.lproj/LaunchScreen.storyboard; sourceTree = "<group>"; };
		99069BD82154DA8900DE49C2 /* Info.plist */ = {isa = PBXFileReference; lastKnownFileType = text.plist.xml; path = Info.plist; sourceTree = "<group>"; };
		99069BDD2154DA8900DE49C2 /* HackerNewsTests.xctest */ = {isa = PBXFileReference; explicitFileType = wrapper.cfbundle; includeInIndex = 0; path = HackerNewsTests.xctest; sourceTree = BUILT_PRODUCTS_DIR; };
		99069BE12154DA8900DE49C2 /* HackerNewsTests.swift */ = {isa = PBXFileReference; lastKnownFileType = sourcecode.swift; path = HackerNewsTests.swift; sourceTree = "<group>"; };
		99069BE32154DA8900DE49C2 /* Info.plist */ = {isa = PBXFileReference; lastKnownFileType = text.plist.xml; path = Info.plist; sourceTree = "<group>"; };
		99069BE82154DA8900DE49C2 /* HackerNewsUITests.xctest */ = {isa = PBXFileReference; explicitFileType = wrapper.cfbundle; includeInIndex = 0; path = HackerNewsUITests.xctest; sourceTree = BUILT_PRODUCTS_DIR; };
		99069BEC2154DA8900DE49C2 /* HackerNewsUITests.swift */ = {isa = PBXFileReference; lastKnownFileType = sourcecode.swift; path = HackerNewsUITests.swift; sourceTree = "<group>"; };
		99069BEE2154DA8900DE49C2 /* Info.plist */ = {isa = PBXFileReference; lastKnownFileType = text.plist.xml; path = Info.plist; sourceTree = "<group>"; };
		99069BFE2155115100DE49C2 /* GoogleService-Info.plist */ = {isa = PBXFileReference; fileEncoding = 4; lastKnownFileType = text.plist.xml; path = "GoogleService-Info.plist"; sourceTree = "<group>"; };
		99069C0021562F3800DE49C2 /* DetailHackerNewsViewController.swift */ = {isa = PBXFileReference; lastKnownFileType = sourcecode.swift; path = DetailHackerNewsViewController.swift; sourceTree = "<group>"; };
		99069C0221562FAB00DE49C2 /* HackerNewsCell.swift */ = {isa = PBXFileReference; lastKnownFileType = sourcecode.swift; path = HackerNewsCell.swift; sourceTree = "<group>"; };
		99069C06215685F200DE49C2 /* APIService.swift */ = {isa = PBXFileReference; fileEncoding = 4; lastKnownFileType = sourcecode.swift; path = APIService.swift; sourceTree = "<group>"; };
		99069C082156862600DE49C2 /* News.swift */ = {isa = PBXFileReference; fileEncoding = 4; lastKnownFileType = sourcecode.swift; path = News.swift; sourceTree = "<group>"; };
		99069C0A2156862700DE49C2 /* Comment.swift */ = {isa = PBXFileReference; fileEncoding = 4; lastKnownFileType = sourcecode.swift; path = Comment.swift; sourceTree = "<group>"; };
		99069C0E215689A300DE49C2 /* DateFormatterExtension.swift */ = {isa = PBXFileReference; fileEncoding = 4; lastKnownFileType = sourcecode.swift; path = DateFormatterExtension.swift; sourceTree = "<group>"; };
		99DD177521577E0A004A596D /* DetailNewsHeaderView.swift */ = {isa = PBXFileReference; lastKnownFileType = sourcecode.swift; path = DetailNewsHeaderView.swift; sourceTree = "<group>"; };
		99DD177821579A94004A596D /* HotNewsCommentCell.swift */ = {isa = PBXFileReference; lastKnownFileType = sourcecode.swift; path = HotNewsCommentCell.swift; sourceTree = "<group>"; };
		99DD177A2157F4CD004A596D /* RealmService.swift */ = {isa = PBXFileReference; lastKnownFileType = sourcecode.swift; path = RealmService.swift; sourceTree = "<group>"; };
		99DD177C21580025004A596D /* NewsObject.swift */ = {isa = PBXFileReference; lastKnownFileType = sourcecode.swift; path = NewsObject.swift; sourceTree = "<group>"; };
		99DD177E21582BBD004A596D /* LoginViewController.swift */ = {isa = PBXFileReference; lastKnownFileType = sourcecode.swift; path = LoginViewController.swift; sourceTree = "<group>"; };
		A379AA11EC87FD16FB55D4CE /* Pods-HackerNews.release.xcconfig */ = {isa = PBXFileReference; includeInIndex = 1; lastKnownFileType = text.xcconfig; name = "Pods-HackerNews.release.xcconfig"; path = "Pods/Target Support Files/Pods-HackerNews/Pods-HackerNews.release.xcconfig"; sourceTree = "<group>"; };
		B9128C5D4CEB3916D997C4AE /* Pods-HackerNewsUITests.debug.xcconfig */ = {isa = PBXFileReference; includeInIndex = 1; lastKnownFileType = text.xcconfig; name = "Pods-HackerNewsUITests.debug.xcconfig"; path = "Pods/Target Support Files/Pods-HackerNewsUITests/Pods-HackerNewsUITests.debug.xcconfig"; sourceTree = "<group>"; };
		D63D2AD9A75C8D667A2924A9 /* Pods-HackerNewsUITests.release.xcconfig */ = {isa = PBXFileReference; includeInIndex = 1; lastKnownFileType = text.xcconfig; name = "Pods-HackerNewsUITests.release.xcconfig"; path = "Pods/Target Support Files/Pods-HackerNewsUITests/Pods-HackerNewsUITests.release.xcconfig"; sourceTree = "<group>"; };
		FC82E8AB4E0A76C8A8515F8E /* Pods_HackerNews.framework */ = {isa = PBXFileReference; explicitFileType = wrapper.framework; includeInIndex = 0; path = Pods_HackerNews.framework; sourceTree = BUILT_PRODUCTS_DIR; };
/* End PBXFileReference section */

/* Begin PBXFrameworksBuildPhase section */
		99069BC62154DA8600DE49C2 /* Frameworks */ = {
			isa = PBXFrameworksBuildPhase;
			buildActionMask = 2147483647;
			files = (
				93FC8662F4479816B740CB2C /* Pods_HackerNews.framework in Frameworks */,
			);
			runOnlyForDeploymentPostprocessing = 0;
		};
		99069BDA2154DA8900DE49C2 /* Frameworks */ = {
			isa = PBXFrameworksBuildPhase;
			buildActionMask = 2147483647;
			files = (
				61E1433EE71DF4A19A1EF823 /* Pods_HackerNewsTests.framework in Frameworks */,
			);
			runOnlyForDeploymentPostprocessing = 0;
		};
		99069BE52154DA8900DE49C2 /* Frameworks */ = {
			isa = PBXFrameworksBuildPhase;
			buildActionMask = 2147483647;
			files = (
				4AB67F9E87677DD01264D82D /* Pods_HackerNewsUITests.framework in Frameworks */,
			);
			runOnlyForDeploymentPostprocessing = 0;
		};
/* End PBXFrameworksBuildPhase section */

/* Begin PBXGroup section */
		944507C07801725C09EC39F1 /* Frameworks */ = {
			isa = PBXGroup;
			children = (
				FC82E8AB4E0A76C8A8515F8E /* Pods_HackerNews.framework */,
				0D15B1A30FA0E3EC2460F2CC /* Pods_HackerNewsTests.framework */,
				389064E1FFAFD084047B9C3D /* Pods_HackerNewsUITests.framework */,
			);
			name = Frameworks;
			sourceTree = "<group>";
		};
		99069BC02154DA8600DE49C2 = {
			isa = PBXGroup;
			children = (
				99069BCB2154DA8600DE49C2 /* HackerNews */,
				99069BE02154DA8900DE49C2 /* HackerNewsTests */,
				99069BEB2154DA8900DE49C2 /* HackerNewsUITests */,
				99069BCA2154DA8600DE49C2 /* Products */,
				BAAB145991BCAF907B8660A3 /* Pods */,
				944507C07801725C09EC39F1 /* Frameworks */,
			);
			sourceTree = "<group>";
		};
		99069BCA2154DA8600DE49C2 /* Products */ = {
			isa = PBXGroup;
			children = (
				99069BC92154DA8600DE49C2 /* HackerNews.app */,
				99069BDD2154DA8900DE49C2 /* HackerNewsTests.xctest */,
				99069BE82154DA8900DE49C2 /* HackerNewsUITests.xctest */,
			);
			name = Products;
			sourceTree = "<group>";
		};
		99069BCB2154DA8600DE49C2 /* HackerNews */ = {
			isa = PBXGroup;
			children = (
				99DD1777215793F0004A596D /* Controller */,
				99DD17742156E734004A596D /* Extension */,
				99DD17732156E71A004A596D /* Views */,
				99DD17722156E6E9004A596D /* Model */,
				99069BCC2154DA8600DE49C2 /* AppDelegate.swift */,
				99069C06215685F200DE49C2 /* APIService.swift */,
				99DD177A2157F4CD004A596D /* RealmService.swift */,
				99DD177C21580025004A596D /* NewsObject.swift */,
				99069BD02154DA8600DE49C2 /* Main.storyboard */,
				99069BD32154DA8900DE49C2 /* Assets.xcassets */,
				99069BD52154DA8900DE49C2 /* LaunchScreen.storyboard */,
				99069BD82154DA8900DE49C2 /* Info.plist */,
				99069BFE2155115100DE49C2 /* GoogleService-Info.plist */,
			);
			path = HackerNews;
			sourceTree = "<group>";
		};
		99069BE02154DA8900DE49C2 /* HackerNewsTests */ = {
			isa = PBXGroup;
			children = (
				99069BE12154DA8900DE49C2 /* HackerNewsTests.swift */,
				99069BE32154DA8900DE49C2 /* Info.plist */,
			);
			path = HackerNewsTests;
			sourceTree = "<group>";
		};
		99069BEB2154DA8900DE49C2 /* HackerNewsUITests */ = {
			isa = PBXGroup;
			children = (
				99069BEC2154DA8900DE49C2 /* HackerNewsUITests.swift */,
				99069BEE2154DA8900DE49C2 /* Info.plist */,
			);
			path = HackerNewsUITests;
			sourceTree = "<group>";
		};
		99DD17722156E6E9004A596D /* Model */ = {
			isa = PBXGroup;
			children = (
				99069C0A2156862700DE49C2 /* Comment.swift */,
				99069C082156862600DE49C2 /* News.swift */,
			);
			path = Model;
			sourceTree = "<group>";
		};
		99DD17732156E71A004A596D /* Views */ = {
			isa = PBXGroup;
			children = (
				99069C0221562FAB00DE49C2 /* HackerNewsCell.swift */,
				99DD177521577E0A004A596D /* DetailNewsHeaderView.swift */,
				99DD177821579A94004A596D /* HotNewsCommentCell.swift */,
			);
			path = Views;
			sourceTree = "<group>";
		};
		99DD17742156E734004A596D /* Extension */ = {
			isa = PBXGroup;
			children = (
				99069C0E215689A300DE49C2 /* DateFormatterExtension.swift */,
			);
			path = Extension;
			sourceTree = "<group>";
		};
		99DD1777215793F0004A596D /* Controller */ = {
			isa = PBXGroup;
			children = (
				99069BCE2154DA8600DE49C2 /* HackerNewsViewController.swift */,
				99069C0021562F3800DE49C2 /* DetailHackerNewsViewController.swift */,
				99DD177E21582BBD004A596D /* LoginViewController.swift */,
			);
			path = Controller;
			sourceTree = "<group>";
		};
		BAAB145991BCAF907B8660A3 /* Pods */ = {
			isa = PBXGroup;
			children = (
				04CF4750B24774DA7DA1FCC1 /* Pods-HackerNews.debug.xcconfig */,
				A379AA11EC87FD16FB55D4CE /* Pods-HackerNews.release.xcconfig */,
				1AF8F5D396B74BC73E8AE842 /* Pods-HackerNewsTests.debug.xcconfig */,
				228A2C847ABC20AE134A0EE6 /* Pods-HackerNewsTests.release.xcconfig */,
				B9128C5D4CEB3916D997C4AE /* Pods-HackerNewsUITests.debug.xcconfig */,
				D63D2AD9A75C8D667A2924A9 /* Pods-HackerNewsUITests.release.xcconfig */,
			);
			name = Pods;
			sourceTree = "<group>";
		};
/* End PBXGroup section */

/* Begin PBXNativeTarget section */
		99069BC82154DA8600DE49C2 /* HackerNews */ = {
			isa = PBXNativeTarget;
			buildConfigurationList = 99069BF12154DA8900DE49C2 /* Build configuration list for PBXNativeTarget "HackerNews" */;
			buildPhases = (
				B19980DECF01B9A254CAE61F /* [CP] Check Pods Manifest.lock */,
				99069BC52154DA8600DE49C2 /* Sources */,
				99069BC62154DA8600DE49C2 /* Frameworks */,
				99069BC72154DA8600DE49C2 /* Resources */,
				565C22EDD0C3ADBD2A35A404 /* [CP] Embed Pods Frameworks */,
				8A009A8D58BB5AA308A01FD2 /* [CP] Copy Pods Resources */,
			);
			buildRules = (
			);
			dependencies = (
			);
			name = HackerNews;
			productName = HackerNews;
			productReference = 99069BC92154DA8600DE49C2 /* HackerNews.app */;
			productType = "com.apple.product-type.application";
		};
		99069BDC2154DA8900DE49C2 /* HackerNewsTests */ = {
			isa = PBXNativeTarget;
			buildConfigurationList = 99069BF42154DA8900DE49C2 /* Build configuration list for PBXNativeTarget "HackerNewsTests" */;
			buildPhases = (
				B6AC713CB54A5B6DE74AC8A9 /* [CP] Check Pods Manifest.lock */,
				99069BD92154DA8900DE49C2 /* Sources */,
				99069BDA2154DA8900DE49C2 /* Frameworks */,
				99069BDB2154DA8900DE49C2 /* Resources */,
				7142D99FC89C3B5790C95878 /* [CP] Embed Pods Frameworks */,
				D85243AA7748275EA22A2F7B /* [CP] Copy Pods Resources */,
			);
			buildRules = (
			);
			dependencies = (
				99069BDF2154DA8900DE49C2 /* PBXTargetDependency */,
			);
			name = HackerNewsTests;
			productName = HackerNewsTests;
			productReference = 99069BDD2154DA8900DE49C2 /* HackerNewsTests.xctest */;
			productType = "com.apple.product-type.bundle.unit-test";
		};
		99069BE72154DA8900DE49C2 /* HackerNewsUITests */ = {
			isa = PBXNativeTarget;
			buildConfigurationList = 99069BF72154DA8900DE49C2 /* Build configuration list for PBXNativeTarget "HackerNewsUITests" */;
			buildPhases = (
				1540E87CD258758B47E80232 /* [CP] Check Pods Manifest.lock */,
				99069BE42154DA8900DE49C2 /* Sources */,
				99069BE52154DA8900DE49C2 /* Frameworks */,
				99069BE62154DA8900DE49C2 /* Resources */,
				FF6F99D4AC88209B487A956D /* [CP] Embed Pods Frameworks */,
				F269F9F66351022E71B30E87 /* [CP] Copy Pods Resources */,
			);
			buildRules = (
			);
			dependencies = (
				99069BEA2154DA8900DE49C2 /* PBXTargetDependency */,
			);
			name = HackerNewsUITests;
			productName = HackerNewsUITests;
			productReference = 99069BE82154DA8900DE49C2 /* HackerNewsUITests.xctest */;
			productType = "com.apple.product-type.bundle.ui-testing";
		};
/* End PBXNativeTarget section */

/* Begin PBXProject section */
		99069BC12154DA8600DE49C2 /* Project object */ = {
			isa = PBXProject;
			attributes = {
				LastSwiftUpdateCheck = 1000;
				LastUpgradeCheck = 1000;
				ORGANIZATIONNAME = "Vivekananda Cherukuri";
				TargetAttributes = {
					99069BC82154DA8600DE49C2 = {
						CreatedOnToolsVersion = 10.0;
					};
					99069BDC2154DA8900DE49C2 = {
						CreatedOnToolsVersion = 10.0;
						TestTargetID = 99069BC82154DA8600DE49C2;
					};
					99069BE72154DA8900DE49C2 = {
						CreatedOnToolsVersion = 10.0;
						TestTargetID = 99069BC82154DA8600DE49C2;
					};
				};
			};
			buildConfigurationList = 99069BC42154DA8600DE49C2 /* Build configuration list for PBXProject "HackerNews" */;
			compatibilityVersion = "Xcode 9.3";
			developmentRegion = en;
			hasScannedForEncodings = 0;
			knownRegions = (
				en,
				Base,
			);
			mainGroup = 99069BC02154DA8600DE49C2;
			productRefGroup = 99069BCA2154DA8600DE49C2 /* Products */;
			projectDirPath = "";
			projectRoot = "";
			targets = (
				99069BC82154DA8600DE49C2 /* HackerNews */,
				99069BDC2154DA8900DE49C2 /* HackerNewsTests */,
				99069BE72154DA8900DE49C2 /* HackerNewsUITests */,
			);
		};
/* End PBXProject section */

/* Begin PBXResourcesBuildPhase section */
		99069BC72154DA8600DE49C2 /* Resources */ = {
			isa = PBXResourcesBuildPhase;
			buildActionMask = 2147483647;
			files = (
				99069BD72154DA8900DE49C2 /* LaunchScreen.storyboard in Resources */,
				99069BFF2155115100DE49C2 /* GoogleService-Info.plist in Resources */,
				99069BD42154DA8900DE49C2 /* Assets.xcassets in Resources */,
				99069BD22154DA8600DE49C2 /* Main.storyboard in Resources */,
			);
			runOnlyForDeploymentPostprocessing = 0;
		};
		99069BDB2154DA8900DE49C2 /* Resources */ = {
			isa = PBXResourcesBuildPhase;
			buildActionMask = 2147483647;
			files = (
			);
			runOnlyForDeploymentPostprocessing = 0;
		};
		99069BE62154DA8900DE49C2 /* Resources */ = {
			isa = PBXResourcesBuildPhase;
			buildActionMask = 2147483647;
			files = (
			);
			runOnlyForDeploymentPostprocessing = 0;
		};
/* End PBXResourcesBuildPhase section */

/* Begin PBXShellScriptBuildPhase section */
		1540E87CD258758B47E80232 /* [CP] Check Pods Manifest.lock */ = {
			isa = PBXShellScriptBuildPhase;
			buildActionMask = 2147483647;
			files = (
			);
			inputPaths = (
				"${PODS_PODFILE_DIR_PATH}/Podfile.lock",
				"${PODS_ROOT}/Manifest.lock",
			);
			name = "[CP] Check Pods Manifest.lock";
			outputPaths = (
				"$(DERIVED_FILE_DIR)/Pods-HackerNewsUITests-checkManifestLockResult.txt",
			);
			runOnlyForDeploymentPostprocessing = 0;
			shellPath = /bin/sh;
			shellScript = "diff \"${PODS_PODFILE_DIR_PATH}/Podfile.lock\" \"${PODS_ROOT}/Manifest.lock\" > /dev/null\nif [ $? != 0 ] ; then\n    # print error to STDERR\n    echo \"error: The sandbox is not in sync with the Podfile.lock. Run 'pod install' or update your CocoaPods installation.\" >&2\n    exit 1\nfi\n# This output is used by Xcode 'outputs' to avoid re-running this script phase.\necho \"SUCCESS\" > \"${SCRIPT_OUTPUT_FILE_0}\"\n";
			showEnvVarsInLog = 0;
		};
		565C22EDD0C3ADBD2A35A404 /* [CP] Embed Pods Frameworks */ = {
			isa = PBXShellScriptBuildPhase;
			buildActionMask = 2147483647;
			files = (
			);
			inputPaths = (
				"${SRCROOT}/Pods/Target Support Files/Pods-HackerNews/Pods-HackerNews-frameworks.sh",
				"${BUILT_PRODUCTS_DIR}/Alamofire/Alamofire.framework",
				"${BUILT_PRODUCTS_DIR}/GTMOAuth2/GTMOAuth2.framework",
				"${BUILT_PRODUCTS_DIR}/GTMSessionFetcher/GTMSessionFetcher.framework",
				"${BUILT_PRODUCTS_DIR}/GoogleToolboxForMac/GoogleToolboxForMac.framework",
				"${BUILT_PRODUCTS_DIR}/Realm/Realm.framework",
				"${BUILT_PRODUCTS_DIR}/RealmSwift/RealmSwift.framework",
				"${BUILT_PRODUCTS_DIR}/nanopb/nanopb.framework",
			);
			name = "[CP] Embed Pods Frameworks";
			outputPaths = (
				"${TARGET_BUILD_DIR}/${FRAMEWORKS_FOLDER_PATH}/Alamofire.framework",
				"${TARGET_BUILD_DIR}/${FRAMEWORKS_FOLDER_PATH}/GTMOAuth2.framework",
				"${TARGET_BUILD_DIR}/${FRAMEWORKS_FOLDER_PATH}/GTMSessionFetcher.framework",
				"${TARGET_BUILD_DIR}/${FRAMEWORKS_FOLDER_PATH}/GoogleToolboxForMac.framework",
				"${TARGET_BUILD_DIR}/${FRAMEWORKS_FOLDER_PATH}/Realm.framework",
				"${TARGET_BUILD_DIR}/${FRAMEWORKS_FOLDER_PATH}/RealmSwift.framework",
				"${TARGET_BUILD_DIR}/${FRAMEWORKS_FOLDER_PATH}/nanopb.framework",
			);
			runOnlyForDeploymentPostprocessing = 0;
			shellPath = /bin/sh;
			shellScript = "\"${SRCROOT}/Pods/Target Support Files/Pods-HackerNews/Pods-HackerNews-frameworks.sh\"\n";
			showEnvVarsInLog = 0;
		};
		7142D99FC89C3B5790C95878 /* [CP] Embed Pods Frameworks */ = {
			isa = PBXShellScriptBuildPhase;
			buildActionMask = 2147483647;
			files = (
			);
			inputPaths = (
			);
			name = "[CP] Embed Pods Frameworks";
			outputPaths = (
			);
			runOnlyForDeploymentPostprocessing = 0;
			shellPath = /bin/sh;
			shellScript = "\"${SRCROOT}/Pods/Target Support Files/Pods-HackerNewsTests/Pods-HackerNewsTests-frameworks.sh\"\n";
			showEnvVarsInLog = 0;
		};
		8A009A8D58BB5AA308A01FD2 /* [CP] Copy Pods Resources */ = {
			isa = PBXShellScriptBuildPhase;
			buildActionMask = 2147483647;
			files = (
			);
			inputPaths = (
				"${SRCROOT}/Pods/Target Support Files/Pods-HackerNews/Pods-HackerNews-resources.sh",
				"${PODS_ROOT}/GoogleSignIn/Resources/GoogleSignIn.bundle",
			);
			name = "[CP] Copy Pods Resources";
			outputPaths = (
				"${TARGET_BUILD_DIR}/${UNLOCALIZED_RESOURCES_FOLDER_PATH}/GoogleSignIn.bundle",
			);
			runOnlyForDeploymentPostprocessing = 0;
			shellPath = /bin/sh;
			shellScript = "\"${SRCROOT}/Pods/Target Support Files/Pods-HackerNews/Pods-HackerNews-resources.sh\"\n";
			showEnvVarsInLog = 0;
		};
		B19980DECF01B9A254CAE61F /* [CP] Check Pods Manifest.lock */ = {
			isa = PBXShellScriptBuildPhase;
			buildActionMask = 2147483647;
			files = (
			);
			inputPaths = (
				"${PODS_PODFILE_DIR_PATH}/Podfile.lock",
				"${PODS_ROOT}/Manifest.lock",
			);
			name = "[CP] Check Pods Manifest.lock";
			outputPaths = (
				"$(DERIVED_FILE_DIR)/Pods-HackerNews-checkManifestLockResult.txt",
			);
			runOnlyForDeploymentPostprocessing = 0;
			shellPath = /bin/sh;
			shellScript = "diff \"${PODS_PODFILE_DIR_PATH}/Podfile.lock\" \"${PODS_ROOT}/Manifest.lock\" > /dev/null\nif [ $? != 0 ] ; then\n    # print error to STDERR\n    echo \"error: The sandbox is not in sync with the Podfile.lock. Run 'pod install' or update your CocoaPods installation.\" >&2\n    exit 1\nfi\n# This output is used by Xcode 'outputs' to avoid re-running this script phase.\necho \"SUCCESS\" > \"${SCRIPT_OUTPUT_FILE_0}\"\n";
			showEnvVarsInLog = 0;
		};
		B6AC713CB54A5B6DE74AC8A9 /* [CP] Check Pods Manifest.lock */ = {
			isa = PBXShellScriptBuildPhase;
			buildActionMask = 2147483647;
			files = (
			);
			inputPaths = (
				"${PODS_PODFILE_DIR_PATH}/Podfile.lock",
				"${PODS_ROOT}/Manifest.lock",
			);
			name = "[CP] Check Pods Manifest.lock";
			outputPaths = (
				"$(DERIVED_FILE_DIR)/Pods-HackerNewsTests-checkManifestLockResult.txt",
			);
			runOnlyForDeploymentPostprocessing = 0;
			shellPath = /bin/sh;
			shellScript = "diff \"${PODS_PODFILE_DIR_PATH}/Podfile.lock\" \"${PODS_ROOT}/Manifest.lock\" > /dev/null\nif [ $? != 0 ] ; then\n    # print error to STDERR\n    echo \"error: The sandbox is not in sync with the Podfile.lock. Run 'pod install' or update your CocoaPods installation.\" >&2\n    exit 1\nfi\n# This output is used by Xcode 'outputs' to avoid re-running this script phase.\necho \"SUCCESS\" > \"${SCRIPT_OUTPUT_FILE_0}\"\n";
			showEnvVarsInLog = 0;
		};
		D85243AA7748275EA22A2F7B /* [CP] Copy Pods Resources */ = {
			isa = PBXShellScriptBuildPhase;
			buildActionMask = 2147483647;
			files = (
			);
			inputPaths = (
			);
			name = "[CP] Copy Pods Resources";
			outputPaths = (
			);
			runOnlyForDeploymentPostprocessing = 0;
			shellPath = /bin/sh;
			shellScript = "\"${SRCROOT}/Pods/Target Support Files/Pods-HackerNewsTests/Pods-HackerNewsTests-resources.sh\"\n";
			showEnvVarsInLog = 0;
		};
		F269F9F66351022E71B30E87 /* [CP] Copy Pods Resources */ = {
			isa = PBXShellScriptBuildPhase;
			buildActionMask = 2147483647;
			files = (
			);
			inputPaths = (
			);
			name = "[CP] Copy Pods Resources";
			outputPaths = (
			);
			runOnlyForDeploymentPostprocessing = 0;
			shellPath = /bin/sh;
			shellScript = "\"${SRCROOT}/Pods/Target Support Files/Pods-HackerNewsUITests/Pods-HackerNewsUITests-resources.sh\"\n";
			showEnvVarsInLog = 0;
		};
		FF6F99D4AC88209B487A956D /* [CP] Embed Pods Frameworks */ = {
			isa = PBXShellScriptBuildPhase;
			buildActionMask = 2147483647;
			files = (
			);
			inputPaths = (
			);
			name = "[CP] Embed Pods Frameworks";
			outputPaths = (
			);
			runOnlyForDeploymentPostprocessing = 0;
			shellPath = /bin/sh;
			shellScript = "\"${SRCROOT}/Pods/Target Support Files/Pods-HackerNewsUITests/Pods-HackerNewsUITests-frameworks.sh\"\n";
			showEnvVarsInLog = 0;
		};
/* End PBXShellScriptBuildPhase section */

/* Begin PBXSourcesBuildPhase section */
		99069BC52154DA8600DE49C2 /* Sources */ = {
			isa = PBXSourcesBuildPhase;
			buildActionMask = 2147483647;
			files = (
				99069BCF2154DA8600DE49C2 /* HackerNewsViewController.swift in Sources */,
				99DD177B2157F4CE004A596D /* RealmService.swift in Sources */,
				99069C0F215689A300DE49C2 /* DateFormatterExtension.swift in Sources */,
				99DD177D21580025004A596D /* NewsObject.swift in Sources */,
				99DD177621577E0A004A596D /* DetailNewsHeaderView.swift in Sources */,
				99069C0121562F3800DE49C2 /* DetailHackerNewsViewController.swift in Sources */,
				99DD177921579A94004A596D /* HotNewsCommentCell.swift in Sources */,
				99069C0321562FAB00DE49C2 /* HackerNewsCell.swift in Sources */,
				99069C0B2156862700DE49C2 /* News.swift in Sources */,
				99069C07215685F200DE49C2 /* APIService.swift in Sources */,
				99069BCD2154DA8600DE49C2 /* AppDelegate.swift in Sources */,
				99DD177F21582BBD004A596D /* LoginViewController.swift in Sources */,
				99069C0D2156862700DE49C2 /* Comment.swift in Sources */,
			);
			runOnlyForDeploymentPostprocessing = 0;
		};
		99069BD92154DA8900DE49C2 /* Sources */ = {
			isa = PBXSourcesBuildPhase;
			buildActionMask = 2147483647;
			files = (
				99069BE22154DA8900DE49C2 /* HackerNewsTests.swift in Sources */,
			);
			runOnlyForDeploymentPostprocessing = 0;
		};
		99069BE42154DA8900DE49C2 /* Sources */ = {
			isa = PBXSourcesBuildPhase;
			buildActionMask = 2147483647;
			files = (
				99069BED2154DA8900DE49C2 /* HackerNewsUITests.swift in Sources */,
			);
			runOnlyForDeploymentPostprocessing = 0;
		};
/* End PBXSourcesBuildPhase section */

/* Begin PBXTargetDependency section */
		99069BDF2154DA8900DE49C2 /* PBXTargetDependency */ = {
			isa = PBXTargetDependency;
			target = 99069BC82154DA8600DE49C2 /* HackerNews */;
			targetProxy = 99069BDE2154DA8900DE49C2 /* PBXContainerItemProxy */;
		};
		99069BEA2154DA8900DE49C2 /* PBXTargetDependency */ = {
			isa = PBXTargetDependency;
			target = 99069BC82154DA8600DE49C2 /* HackerNews */;
			targetProxy = 99069BE92154DA8900DE49C2 /* PBXContainerItemProxy */;
		};
/* End PBXTargetDependency section */

/* Begin PBXVariantGroup section */
		99069BD02154DA8600DE49C2 /* Main.storyboard */ = {
			isa = PBXVariantGroup;
			children = (
				99069BD12154DA8600DE49C2 /* Base */,
			);
			name = Main.storyboard;
			sourceTree = "<group>";
		};
		99069BD52154DA8900DE49C2 /* LaunchScreen.storyboard */ = {
			isa = PBXVariantGroup;
			children = (
				99069BD62154DA8900DE49C2 /* Base */,
			);
			name = LaunchScreen.storyboard;
			sourceTree = "<group>";
		};
/* End PBXVariantGroup section */

/* Begin XCBuildConfiguration section */
		99069BEF2154DA8900DE49C2 /* Debug */ = {
			isa = XCBuildConfiguration;
			buildSettings = {
				ALWAYS_SEARCH_USER_PATHS = NO;
				CLANG_ANALYZER_NONNULL = YES;
				CLANG_ANALYZER_NUMBER_OBJECT_CONVERSION = YES_AGGRESSIVE;
				CLANG_CXX_LANGUAGE_STANDARD = "gnu++14";
				CLANG_CXX_LIBRARY = "libc++";
				CLANG_ENABLE_MODULES = YES;
				CLANG_ENABLE_OBJC_ARC = YES;
				CLANG_ENABLE_OBJC_WEAK = YES;
				CLANG_WARN_BLOCK_CAPTURE_AUTORELEASING = YES;
				CLANG_WARN_BOOL_CONVERSION = YES;
				CLANG_WARN_COMMA = YES;
				CLANG_WARN_CONSTANT_CONVERSION = YES;
				CLANG_WARN_DEPRECATED_OBJC_IMPLEMENTATIONS = YES;
				CLANG_WARN_DIRECT_OBJC_ISA_USAGE = YES_ERROR;
				CLANG_WARN_DOCUMENTATION_COMMENTS = YES;
				CLANG_WARN_EMPTY_BODY = YES;
				CLANG_WARN_ENUM_CONVERSION = YES;
				CLANG_WARN_INFINITE_RECURSION = YES;
				CLANG_WARN_INT_CONVERSION = YES;
				CLANG_WARN_NON_LITERAL_NULL_CONVERSION = YES;
				CLANG_WARN_OBJC_IMPLICIT_RETAIN_SELF = YES;
				CLANG_WARN_OBJC_LITERAL_CONVERSION = YES;
				CLANG_WARN_OBJC_ROOT_CLASS = YES_ERROR;
				CLANG_WARN_RANGE_LOOP_ANALYSIS = YES;
				CLANG_WARN_STRICT_PROTOTYPES = YES;
				CLANG_WARN_SUSPICIOUS_MOVE = YES;
				CLANG_WARN_UNGUARDED_AVAILABILITY = YES_AGGRESSIVE;
				CLANG_WARN_UNREACHABLE_CODE = YES;
				CLANG_WARN__DUPLICATE_METHOD_MATCH = YES;
				CODE_SIGN_IDENTITY = "iPhone Developer";
				COPY_PHASE_STRIP = NO;
				DEBUG_INFORMATION_FORMAT = dwarf;
				ENABLE_STRICT_OBJC_MSGSEND = YES;
				ENABLE_TESTABILITY = YES;
				GCC_C_LANGUAGE_STANDARD = gnu11;
				GCC_DYNAMIC_NO_PIC = NO;
				GCC_NO_COMMON_BLOCKS = YES;
				GCC_OPTIMIZATION_LEVEL = 0;
				GCC_PREPROCESSOR_DEFINITIONS = (
					"DEBUG=1",
					"$(inherited)",
				);
				GCC_WARN_64_TO_32_BIT_CONVERSION = YES;
				GCC_WARN_ABOUT_RETURN_TYPE = YES_ERROR;
				GCC_WARN_UNDECLARED_SELECTOR = YES;
				GCC_WARN_UNINITIALIZED_AUTOS = YES_AGGRESSIVE;
				GCC_WARN_UNUSED_FUNCTION = YES;
				GCC_WARN_UNUSED_VARIABLE = YES;
				IPHONEOS_DEPLOYMENT_TARGET = 12.0;
				MTL_ENABLE_DEBUG_INFO = INCLUDE_SOURCE;
				MTL_FAST_MATH = YES;
				ONLY_ACTIVE_ARCH = YES;
				SDKROOT = iphoneos;
				SWIFT_ACTIVE_COMPILATION_CONDITIONS = DEBUG;
				SWIFT_OPTIMIZATION_LEVEL = "-Onone";
			};
			name = Debug;
		};
		99069BF02154DA8900DE49C2 /* Release */ = {
			isa = XCBuildConfiguration;
			buildSettings = {
				ALWAYS_SEARCH_USER_PATHS = NO;
				CLANG_ANALYZER_NONNULL = YES;
				CLANG_ANALYZER_NUMBER_OBJECT_CONVERSION = YES_AGGRESSIVE;
				CLANG_CXX_LANGUAGE_STANDARD = "gnu++14";
				CLANG_CXX_LIBRARY = "libc++";
				CLANG_ENABLE_MODULES = YES;
				CLANG_ENABLE_OBJC_ARC = YES;
				CLANG_ENABLE_OBJC_WEAK = YES;
				CLANG_WARN_BLOCK_CAPTURE_AUTORELEASING = YES;
				CLANG_WARN_BOOL_CONVERSION = YES;
				CLANG_WARN_COMMA = YES;
				CLANG_WARN_CONSTANT_CONVERSION = YES;
				CLANG_WARN_DEPRECATED_OBJC_IMPLEMENTATIONS = YES;
				CLANG_WARN_DIRECT_OBJC_ISA_USAGE = YES_ERROR;
				CLANG_WARN_DOCUMENTATION_COMMENTS = YES;
				CLANG_WARN_EMPTY_BODY = YES;
				CLANG_WARN_ENUM_CONVERSION = YES;
				CLANG_WARN_INFINITE_RECURSION = YES;
				CLANG_WARN_INT_CONVERSION = YES;
				CLANG_WARN_NON_LITERAL_NULL_CONVERSION = YES;
				CLANG_WARN_OBJC_IMPLICIT_RETAIN_SELF = YES;
				CLANG_WARN_OBJC_LITERAL_CONVERSION = YES;
				CLANG_WARN_OBJC_ROOT_CLASS = YES_ERROR;
				CLANG_WARN_RANGE_LOOP_ANALYSIS = YES;
				CLANG_WARN_STRICT_PROTOTYPES = YES;
				CLANG_WARN_SUSPICIOUS_MOVE = YES;
				CLANG_WARN_UNGUARDED_AVAILABILITY = YES_AGGRESSIVE;
				CLANG_WARN_UNREACHABLE_CODE = YES;
				CLANG_WARN__DUPLICATE_METHOD_MATCH = YES;
				CODE_SIGN_IDENTITY = "iPhone Developer";
				COPY_PHASE_STRIP = NO;
				DEBUG_INFORMATION_FORMAT = "dwarf-with-dsym";
				ENABLE_NS_ASSERTIONS = NO;
				ENABLE_STRICT_OBJC_MSGSEND = YES;
				GCC_C_LANGUAGE_STANDARD = gnu11;
				GCC_NO_COMMON_BLOCKS = YES;
				GCC_WARN_64_TO_32_BIT_CONVERSION = YES;
				GCC_WARN_ABOUT_RETURN_TYPE = YES_ERROR;
				GCC_WARN_UNDECLARED_SELECTOR = YES;
				GCC_WARN_UNINITIALIZED_AUTOS = YES_AGGRESSIVE;
				GCC_WARN_UNUSED_FUNCTION = YES;
				GCC_WARN_UNUSED_VARIABLE = YES;
				IPHONEOS_DEPLOYMENT_TARGET = 12.0;
				MTL_ENABLE_DEBUG_INFO = NO;
				MTL_FAST_MATH = YES;
				SDKROOT = iphoneos;
				SWIFT_COMPILATION_MODE = wholemodule;
				SWIFT_OPTIMIZATION_LEVEL = "-O";
				VALIDATE_PRODUCT = YES;
			};
			name = Release;
		};
		99069BF22154DA8900DE49C2 /* Debug */ = {
			isa = XCBuildConfiguration;
			baseConfigurationReference = 04CF4750B24774DA7DA1FCC1 /* Pods-HackerNews.debug.xcconfig */;
			buildSettings = {
				ASSETCATALOG_COMPILER_APPICON_NAME = AppIcon;
				CODE_SIGN_STYLE = Automatic;
				DEVELOPMENT_TEAM = 2YH7U3S8NQ;
				INFOPLIST_FILE = HackerNews/Info.plist;
				LD_RUNPATH_SEARCH_PATHS = (
					"$(inherited)",
					"@executable_path/Frameworks",
				);
				PRODUCT_BUNDLE_IDENTIFIER = com.vivek.HackerNews;
				PRODUCT_NAME = "$(TARGET_NAME)";
				SWIFT_VERSION = 4.2;
				TARGETED_DEVICE_FAMILY = "1,2";
			};
			name = Debug;
		};
		99069BF32154DA8900DE49C2 /* Release */ = {
			isa = XCBuildConfiguration;
			baseConfigurationReference = A379AA11EC87FD16FB55D4CE /* Pods-HackerNews.release.xcconfig */;
			buildSettings = {
				ASSETCATALOG_COMPILER_APPICON_NAME = AppIcon;
				CODE_SIGN_STYLE = Automatic;
				DEVELOPMENT_TEAM = 2YH7U3S8NQ;
				INFOPLIST_FILE = HackerNews/Info.plist;
				LD_RUNPATH_SEARCH_PATHS = (
					"$(inherited)",
					"@executable_path/Frameworks",
				);
				PRODUCT_BUNDLE_IDENTIFIER = com.vivek.HackerNews;
				PRODUCT_NAME = "$(TARGET_NAME)";
				SWIFT_VERSION = 4.2;
				TARGETED_DEVICE_FAMILY = "1,2";
			};
			name = Release;
		};
		99069BF52154DA8900DE49C2 /* Debug */ = {
			isa = XCBuildConfiguration;
			baseConfigurationReference = 1AF8F5D396B74BC73E8AE842 /* Pods-HackerNewsTests.debug.xcconfig */;
			buildSettings = {
				ALWAYS_EMBED_SWIFT_STANDARD_LIBRARIES = YES;
				BUNDLE_LOADER = "$(TEST_HOST)";
				CODE_SIGN_STYLE = Automatic;
				DEVELOPMENT_TEAM = 2YH7U3S8NQ;
				INFOPLIST_FILE = HackerNewsTests/Info.plist;
				LD_RUNPATH_SEARCH_PATHS = (
					"$(inherited)",
					"@executable_path/Frameworks",
					"@loader_path/Frameworks",
				);
				PRODUCT_BUNDLE_IDENTIFIER = com.vivek.HackerNewsTests;
				PRODUCT_NAME = "$(TARGET_NAME)";
				SWIFT_VERSION = 4.2;
				TARGETED_DEVICE_FAMILY = "1,2";
				TEST_HOST = "$(BUILT_PRODUCTS_DIR)/HackerNews.app/HackerNews";
			};
			name = Debug;
		};
		99069BF62154DA8900DE49C2 /* Release */ = {
			isa = XCBuildConfiguration;
			baseConfigurationReference = 228A2C847ABC20AE134A0EE6 /* Pods-HackerNewsTests.release.xcconfig */;
			buildSettings = {
				ALWAYS_EMBED_SWIFT_STANDARD_LIBRARIES = YES;
				BUNDLE_LOADER = "$(TEST_HOST)";
				CODE_SIGN_STYLE = Automatic;
				DEVELOPMENT_TEAM = 2YH7U3S8NQ;
				INFOPLIST_FILE = HackerNewsTests/Info.plist;
				LD_RUNPATH_SEARCH_PATHS = (
					"$(inherited)",
					"@executable_path/Frameworks",
					"@loader_path/Frameworks",
				);
				PRODUCT_BUNDLE_IDENTIFIER = com.vivek.HackerNewsTests;
				PRODUCT_NAME = "$(TARGET_NAME)";
				SWIFT_VERSION = 4.2;
				TARGETED_DEVICE_FAMILY = "1,2";
				TEST_HOST = "$(BUILT_PRODUCTS_DIR)/HackerNews.app/HackerNews";
			};
			name = Release;
		};
		99069BF82154DA8900DE49C2 /* Debug */ = {
			isa = XCBuildConfiguration;
			baseConfigurationReference = B9128C5D4CEB3916D997C4AE /* Pods-HackerNewsUITests.debug.xcconfig */;
			buildSettings = {
				ALWAYS_EMBED_SWIFT_STANDARD_LIBRARIES = YES;
				CODE_SIGN_STYLE = Automatic;
				DEVELOPMENT_TEAM = 2YH7U3S8NQ;
				INFOPLIST_FILE = HackerNewsUITests/Info.plist;
				LD_RUNPATH_SEARCH_PATHS = (
					"$(inherited)",
					"@executable_path/Frameworks",
					"@loader_path/Frameworks",
				);
				PRODUCT_BUNDLE_IDENTIFIER = com.vivek.HackerNewsUITests;
				PRODUCT_NAME = "$(TARGET_NAME)";
				SWIFT_VERSION = 4.2;
				TARGETED_DEVICE_FAMILY = "1,2";
				TEST_TARGET_NAME = HackerNews;
			};
			name = Debug;
		};
		99069BF92154DA8900DE49C2 /* Release */ = {
			isa = XCBuildConfiguration;
			baseConfigurationReference = D63D2AD9A75C8D667A2924A9 /* Pods-HackerNewsUITests.release.xcconfig */;
			buildSettings = {
				ALWAYS_EMBED_SWIFT_STANDARD_LIBRARIES = YES;
				CODE_SIGN_STYLE = Automatic;
				DEVELOPMENT_TEAM = 2YH7U3S8NQ;
				INFOPLIST_FILE = HackerNewsUITests/Info.plist;
				LD_RUNPATH_SEARCH_PATHS = (
					"$(inherited)",
					"@executable_path/Frameworks",
					"@loader_path/Frameworks",
				);
				PRODUCT_BUNDLE_IDENTIFIER = com.vivek.HackerNewsUITests;
				PRODUCT_NAME = "$(TARGET_NAME)";
				SWIFT_VERSION = 4.2;
				TARGETED_DEVICE_FAMILY = "1,2";
				TEST_TARGET_NAME = HackerNews;
			};
			name = Release;
		};
/* End XCBuildConfiguration section */

/* Begin XCConfigurationList section */
		99069BC42154DA8600DE49C2 /* Build configuration list for PBXProject "HackerNews" */ = {
			isa = XCConfigurationList;
			buildConfigurations = (
				99069BEF2154DA8900DE49C2 /* Debug */,
				99069BF02154DA8900DE49C2 /* Release */,
			);
			defaultConfigurationIsVisible = 0;
			defaultConfigurationName = Release;
		};
		99069BF12154DA8900DE49C2 /* Build configuration list for PBXNativeTarget "HackerNews" */ = {
			isa = XCConfigurationList;
			buildConfigurations = (
				99069BF22154DA8900DE49C2 /* Debug */,
				99069BF32154DA8900DE49C2 /* Release */,
			);
			defaultConfigurationIsVisible = 0;
			defaultConfigurationName = Release;
		};
		99069BF42154DA8900DE49C2 /* Build configuration list for PBXNativeTarget "HackerNewsTests" */ = {
			isa = XCConfigurationList;
			buildConfigurations = (
				99069BF52154DA8900DE49C2 /* Debug */,
				99069BF62154DA8900DE49C2 /* Release */,
			);
			defaultConfigurationIsVisible = 0;
			defaultConfigurationName = Release;
		};
		99069BF72154DA8900DE49C2 /* Build configuration list for PBXNativeTarget "HackerNewsUITests" */ = {
			isa = XCConfigurationList;
			buildConfigurations = (
				99069BF82154DA8900DE49C2 /* Debug */,
				99069BF92154DA8900DE49C2 /* Release */,
			);
			defaultConfigurationIsVisible = 0;
			defaultConfigurationName = Release;
		};
/* End XCConfigurationList section */
	};
	rootObject = 99069BC12154DA8600DE49C2 /* Project object */;
}
